
Microsoft Visual Studio Solution File, Format Version 12.00
# Visual Studio Version 16
VisualStudioVersion = 16.0.29209.62
MinimumVisualStudioVersion = 10.0.40219.1
Project("{FAE04EC0-301F-11D3-BF4B-00C04F79EFBC}") = "Godo", "Godo\Godo.csproj", "{6A1FADF2-9CF5-4299-B772-4EAA61664AE4}"
EndProject
Global
	GlobalSection(SolutionConfigurationPlatforms) = preSolution
		Debug|Any CPU = Debug|Any CPU
		Release|Any CPU = Release|Any CPU
	EndGlobalSection
	GlobalSection(ProjectConfigurationPlatforms) = postSolution
		{6A1FADF2-9CF5-4299-B772-4EAA61664AE4}.Debug|Any CPU.ActiveCfg = Debug|Any CPU
		{6A1FADF2-9CF5-4299-B772-4EAA61664AE4}.Debug|Any CPU.Build.0 = Debug|Any CPU
		{6A1FADF2-9CF5-4299-B772-4EAA61664AE4}.Release|Any CPU.ActiveCfg = Release|Any CPU
		{6A1FADF2-9CF5-4299-B772-4EAA61664AE4}.Release|Any CPU.Build.0 = Release|Any CPU
	EndGlobalSection
	GlobalSection(SolutionProperties) = preSolution
		HideSolutionNode = FALSE
	EndGlobalSection
	GlobalSection(ExtensibilityGlobals) = postSolution
		SolutionGuid = {18D02D82-C545-4D88-9300-E55E8C823C5A}
	EndGlobalSection
EndGlobal
